<Solution>
  <Folder Name="/src/">
    <Project Path="src/Wallet.Api/Wallet.Api.csproj" />
    <Project Path="src/Wallet.Contracts/Wallet.Contracts.csproj" />
    <Project Path="src/Wallet.NotificationWorker/Wallet.NotificationWorker.csproj" />
  </Folder>
  <Folder Name="/tests/">
    <Project Path="tests/Wallet.Api.Tests/Wallet.Api.Tests.csproj" />
  </Folder>
</Solution>
